// !$*UTF8*$!
{
	archiveVersion = 1;
	classes = {
	};
	objectVersion = 46;
	objects = {

/* Begin PBXBuildFile section */
		4829818A1E46BCA600ED95A6 /* AppDelegate.swift in Sources */ = {isa = PBXBuildFile; fileRef = 482981891E46BCA600ED95A6 /* AppDelegate.swift */; };
		4829818C1E46BCA600ED95A6 /* MealViewController.swift in Sources */ = {isa = PBXBuildFile; fileRef = 4829818B1E46BCA600ED95A6 /* MealViewController.swift */; };
		4829818F1E46BCA600ED95A6 /* Main.storyboard in Resources */ = {isa = PBXBuildFile; fileRef = 4829818D1E46BCA600ED95A6 /* Main.storyboard */; };
		482981941E46BCA600ED95A6 /* LaunchScreen.storyboard in Resources */ = {isa = PBXBuildFile; fileRef = 482981921E46BCA600ED95A6 /* LaunchScreen.storyboard */; };
		4829819F1E46BCA600ED95A6 /* Food_TrackerTests.swift in Sources */ = {isa = PBXBuildFile; fileRef = 4829819E1E46BCA600ED95A6 /* Food_TrackerTests.swift */; };
		4867BCBE1E5CE3700036F8E9 /* RatingControl.swift in Sources */ = {isa = PBXBuildFile; fileRef = 4867BCBD1E5CE3700036F8E9 /* RatingControl.swift */; };
		48A920711E6497DE00C60660 /* Meal.swift in Sources */ = {isa = PBXBuildFile; fileRef = 48A920701E6497DE00C60660 /* Meal.swift */; };
		48F2FE2A1E6722C200F4338B /* MealTableViewCell.swift in Sources */ = {isa = PBXBuildFile; fileRef = 48F2FE291E6722C200F4338B /* MealTableViewCell.swift */; };
		48F2FE2C1E672E5800F4338B /* Assets.xcassets in Resources */ = {isa = PBXBuildFile; fileRef = 48F2FE2B1E672E5800F4338B /* Assets.xcassets */; };
		48F2FE2E1E6730C900F4338B /* MealCollectionViewController.swift in Sources */ = {isa = PBXBuildFile; fileRef = 48F2FE2D1E6730C900F4338B /* MealCollectionViewController.swift */; };
/* End PBXBuildFile section */

/* Begin PBXContainerItemProxy section */
		4829819B1E46BCA600ED95A6 /* PBXContainerItemProxy */ = {
			isa = PBXContainerItemProxy;
			containerPortal = 4829817E1E46BCA600ED95A6 /* Project object */;
			proxyType = 1;
			remoteGlobalIDString = 482981851E46BCA600ED95A6;
			remoteInfo = "Food Tracker";
		};
/* End PBXContainerItemProxy section */

/* Begin PBXFileReference section */
		482981861E46BCA600ED95A6 /* Food Tracker.app */ = {isa = PBXFileReference; explicitFileType = wrapper.application; includeInIndex = 0; path = "Food Tracker.app"; sourceTree = BUILT_PRODUCTS_DIR; };
		482981891E46BCA600ED95A6 /* AppDelegate.swift */ = {isa = PBXFileReference; lastKnownFileType = sourcecode.swift; path = AppDelegate.swift; sourceTree = "<group>"; };
		4829818B1E46BCA600ED95A6 /* MealViewController.swift */ = {isa = PBXFileReference; lastKnownFileType = sourcecode.swift; path = MealViewController.swift; sourceTree = "<group>"; };
		4829818E1E46BCA600ED95A6 /* Base */ = {isa = PBXFileReference; lastKnownFileType = file.storyboard; name = Base; path = Base.lproj/Main.storyboard; sourceTree = "<group>"; };
		482981931E46BCA600ED95A6 /* Base */ = {isa = PBXFileReference; lastKnownFileType = file.storyboard; name = Base; path = Base.lproj/LaunchScreen.storyboard; sourceTree = "<group>"; };
		482981951E46BCA600ED95A6 /* Info.plist */ = {isa = PBXFileReference; lastKnownFileType = text.plist.xml; path = Info.plist; sourceTree = "<group>"; };
		4829819A1E46BCA600ED95A6 /* Food TrackerTests.xctest */ = {isa = PBXFileReference; explicitFileType = wrapper.cfbundle; includeInIndex = 0; path = "Food TrackerTests.xctest"; sourceTree = BUILT_PRODUCTS_DIR; };
		4829819E1E46BCA600ED95A6 /* Food_TrackerTests.swift */ = {isa = PBXFileReference; lastKnownFileType = sourcecode.swift; path = Food_TrackerTests.swift; sourceTree = "<group>"; };
		482981A01E46BCA600ED95A6 /* Info.plist */ = {isa = PBXFileReference; lastKnownFileType = text.plist.xml; path = Info.plist; sourceTree = "<group>"; };
		4867BCBD1E5CE3700036F8E9 /* RatingControl.swift */ = {isa = PBXFileReference; fileEncoding = 4; lastKnownFileType = sourcecode.swift; path = RatingControl.swift; sourceTree = "<group>"; };
		48A920701E6497DE00C60660 /* Meal.swift */ = {isa = PBXFileReference; fileEncoding = 4; lastKnownFileType = sourcecode.swift; name = Meal.swift; path = ../Meal.swift; sourceTree = "<group>"; };
		48F2FE291E6722C200F4338B /* MealTableViewCell.swift */ = {isa = PBXFileReference; fileEncoding = 4; lastKnownFileType = sourcecode.swift; path = MealTableViewCell.swift; sourceTree = "<group>"; };
		48F2FE2B1E672E5800F4338B /* Assets.xcassets */ = {isa = PBXFileReference; lastKnownFileType = folder.assetcatalog; name = Assets.xcassets; path = ../../../../.Trash/Assets.xcassets; sourceTree = "<group>"; };
		48F2FE2D1E6730C900F4338B /* MealCollectionViewController.swift */ = {isa = PBXFileReference; fileEncoding = 4; lastKnownFileType = sourcecode.swift; path = MealCollectionViewController.swift; sourceTree = "<group>"; };
/* End PBXFileReference section */

/* Begin PBXFrameworksBuildPhase section */
		482981831E46BCA600ED95A6 /* Frameworks */ = {
			isa = PBXFrameworksBuildPhase;
			buildActionMask = 2147483647;
			files = (
			);
			runOnlyForDeploymentPostprocessing = 0;
		};
		482981971E46BCA600ED95A6 /* Frameworks */ = {
			isa = PBXFrameworksBuildPhase;
			buildActionMask = 2147483647;
			files = (
			);
			runOnlyForDeploymentPostprocessing = 0;
		};
/* End PBXFrameworksBuildPhase section */

/* Begin PBXGroup section */
		4829817D1E46BCA600ED95A6 = {
			isa = PBXGroup;
			children = (
				482981881E46BCA600ED95A6 /* Food Tracker */,
				4829819D1E46BCA600ED95A6 /* Food TrackerTests */,
				482981871E46BCA600ED95A6 /* Products */,
			);
			sourceTree = "<group>";
		};
		482981871E46BCA600ED95A6 /* Products */ = {
			isa = PBXGroup;
			children = (
				482981861E46BCA600ED95A6 /* Food Tracker.app */,
				4829819A1E46BCA600ED95A6 /* Food TrackerTests.xctest */,
			);
			name = Products;
			sourceTree = "<group>";
		};
		482981881E46BCA600ED95A6 /* Food Tracker */ = {
			isa = PBXGroup;
			children = (
				4867BCBD1E5CE3700036F8E9 /* RatingControl.swift */,
				48A920701E6497DE00C60660 /* Meal.swift */,
				482981891E46BCA600ED95A6 /* AppDelegate.swift */,
				4829818B1E46BCA600ED95A6 /* MealViewController.swift */,
				48F2FE2D1E6730C900F4338B /* MealCollectionViewController.swift */,
				48F2FE291E6722C200F4338B /* MealTableViewCell.swift */,
				4829818D1E46BCA600ED95A6 /* Main.storyboard */,
				482981921E46BCA600ED95A6 /* LaunchScreen.storyboard */,
				482981951E46BCA600ED95A6 /* Info.plist */,
				48F2FE2B1E672E5800F4338B /* Assets.xcassets */,
			);
			path = "Food Tracker";
			sourceTree = "<group>";
		};
		4829819D1E46BCA600ED95A6 /* Food TrackerTests */ = {
			isa = PBXGroup;
			children = (
				4829819E1E46BCA600ED95A6 /* Food_TrackerTests.swift */,
				482981A01E46BCA600ED95A6 /* Info.plist */,
			);
			path = "Food TrackerTests";
			sourceTree = "<group>";
		};
/* End PBXGroup section */

/* Begin PBXNativeTarget section */
		482981851E46BCA600ED95A6 /* Food Tracker */ = {
			isa = PBXNativeTarget;
			buildConfigurationList = 482981A31E46BCA600ED95A6 /* Build configuration list for PBXNativeTarget "Food Tracker" */;
			buildPhases = (
				482981821E46BCA600ED95A6 /* Sources */,
				482981831E46BCA600ED95A6 /* Frameworks */,
				482981841E46BCA600ED95A6 /* Resources */,
			);
			buildRules = (
			);
			dependencies = (
			);
			name = "Food Tracker";
			productName = "Food Tracker";
			productReference = 482981861E46BCA600ED95A6 /* Food Tracker.app */;
			productType = "com.apple.product-type.application";
		};
		482981991E46BCA600ED95A6 /* Food TrackerTests */ = {
			isa = PBXNativeTarget;
			buildConfigurationList = 482981A61E46BCA600ED95A6 /* Build configuration list for PBXNativeTarget "Food TrackerTests" */;
			buildPhases = (
				482981961E46BCA600ED95A6 /* Sources */,
				482981971E46BCA600ED95A6 /* Frameworks */,
				482981981E46BCA600ED95A6 /* Resources */,
			);
			buildRules = (
			);
			dependencies = (
				4829819C1E46BCA600ED95A6 /* PBXTargetDependency */,
			);
			name = "Food TrackerTests";
			productName = "Food TrackerTests";
			productReference = 4829819A1E46BCA600ED95A6 /* Food TrackerTests.xctest */;
			productType = "com.apple.product-type.bundle.unit-test";
		};
/* End PBXNativeTarget section */

/* Begin PBXProject section */
		4829817E1E46BCA600ED95A6 /* Project object */ = {
			isa = PBXProject;
			attributes = {
				LastSwiftUpdateCheck = 0820;
				LastUpgradeCheck = 0820;
				ORGANIZATIONNAME = "William Hall";
				TargetAttributes = {
					482981851E46BCA600ED95A6 = {
						CreatedOnToolsVersion = 8.2.1;
						DevelopmentTeam = 2RFJ8QK64S;
						ProvisioningStyle = Automatic;
					};
					482981991E46BCA600ED95A6 = {
						CreatedOnToolsVersion = 8.2.1;
						ProvisioningStyle = Automatic;
						TestTargetID = 482981851E46BCA600ED95A6;
					};
				};
			};
			buildConfigurationList = 482981811E46BCA600ED95A6 /* Build configuration list for PBXProject "Food Tracker" */;
			compatibilityVersion = "Xcode 3.2";
			developmentRegion = English;
			hasScannedForEncodings = 0;
			knownRegions = (
				en,
				Base,
			);
			mainGroup = 4829817D1E46BCA600ED95A6;
			productRefGroup = 482981871E46BCA600ED95A6 /* Products */;
			projectDirPath = "";
			projectRoot = "";
			targets = (
				482981851E46BCA600ED95A6 /* Food Tracker */,
				482981991E46BCA600ED95A6 /* Food TrackerTests */,
			);
		};
/* End PBXProject section */

/* Begin PBXResourcesBuildPhase section */
		482981841E46BCA600ED95A6 /* Resources */ = {
			isa = PBXResourcesBuildPhase;
			buildActionMask = 2147483647;
			files = (
				482981941E46BCA600ED95A6 /* LaunchScreen.storyboard in Resources */,
				48F2FE2C1E672E5800F4338B /* Assets.xcassets in Resources */,
				4829818F1E46BCA600ED95A6 /* Main.storyboard in Resources */,
			);
			runOnlyForDeploymentPostprocessing = 0;
		};
		482981981E46BCA600ED95A6 /* Resources */ = {
			isa = PBXResourcesBuildPhase;
			buildActionMask = 2147483647;
			files = (
			);
			runOnlyForDeploymentPostprocessing = 0;
		};
/* End PBXResourcesBuildPhase section */

/* Begin PBXSourcesBuildPhase section */
		482981821E46BCA600ED95A6 /* Sources */ = {
			isa = PBXSourcesBuildPhase;
			buildActionMask = 2147483647;
			files = (
				48A920711E6497DE00C60660 /* Meal.swift in Sources */,
				48F2FE2E1E6730C900F4338B /* MealCollectionViewController.swift in Sources */,
				4829818C1E46BCA600ED95A6 /* MealViewController.swift in Sources */,
				4867BCBE1E5CE3700036F8E9 /* RatingControl.swift in Sources */,
				4829818A1E46BCA600ED95A6 /* AppDelegate.swift in Sources */,
				48F2FE2A1E6722C200F4338B /* MealTableViewCell.swift in Sources */,
			);
			runOnlyForDeploymentPostprocessing = 0;
		};
		482981961E46BCA600ED95A6 /* Sources */ = {
			isa = PBXSourcesBuildPhase;
			buildActionMask = 2147483647;
			files = (
				4829819F1E46BCA600ED95A6 /* Food_TrackerTests.swift in Sources */,
			);
			runOnlyForDeploymentPostprocessing = 0;
		};
/* End PBXSourcesBuildPhase section */

/* Begin PBXTargetDependency section */
		4829819C1E46BCA600ED95A6 /* PBXTargetDependency */ = {
			isa = PBXTargetDependency;
			target = 482981851E46BCA600ED95A6 /* Food Tracker */;
			targetProxy = 4829819B1E46BCA600ED95A6 /* PBXContainerItemProxy */;
		};
/* End PBXTargetDependency section */

/* Begin PBXVariantGroup section */
		4829818D1E46BCA600ED95A6 /* Main.storyboard */ = {
			isa = PBXVariantGroup;
			children = (
				4829818E1E46BCA600ED95A6 /* Base */,
			);
			name = Main.storyboard;
			sourceTree = "<group>";
		};
		482981921E46BCA600ED95A6 /* LaunchScreen.storyboard */ = {
			isa = PBXVariantGroup;
			children = (
				482981931E46BCA600ED95A6 /* Base */,
			);
			name = LaunchScreen.storyboard;
			sourceTree = "<group>";
		};
/* End PBXVariantGroup section */

/* Begin XCBuildConfiguration section */
		482981A11E46BCA600ED95A6 /* Debug */ = {
			isa = XCBuildConfiguration;
			buildSettings = {
				ALWAYS_SEARCH_USER_PATHS = NO;
				CLANG_ANALYZER_NONNULL = YES;
				CLANG_CXX_LANGUAGE_STANDARD = "gnu++0x";
				CLANG_CXX_LIBRARY = "libc++";
				CLANG_ENABLE_MODULES = YES;
				CLANG_ENABLE_OBJC_ARC = YES;
				CLANG_WARN_BOOL_CONVERSION = YES;
				CLANG_WARN_CONSTANT_CONVERSION = YES;
				CLANG_WARN_DIRECT_OBJC_ISA_USAGE = YES_ERROR;
				CLANG_WARN_DOCUMENTATION_COMMENTS = YES;
				CLANG_WARN_EMPTY_BODY = YES;
				CLANG_WARN_ENUM_CONVERSION = YES;
				CLANG_WARN_INFINITE_RECURSION = YES;
				CLANG_WARN_INT_CONVERSION = YES;
				CLANG_WARN_OBJC_ROOT_CLASS = YES_ERROR;
				CLANG_WARN_SUSPICIOUS_MOVE = YES;
				CLANG_WARN_UNREACHABLE_CODE = YES;
				CLANG_WARN__DUPLICATE_METHOD_MATCH = YES;
				"CODE_SIGN_IDENTITY[sdk=iphoneos*]" = "iPhone Developer";
				COPY_PHASE_STRIP = NO;
				DEBUG_INFORMATION_FORMAT = dwarf;
				ENABLE_STRICT_OBJC_MSGSEND = YES;
				ENABLE_TESTABILITY = YES;
				GCC_C_LANGUAGE_STANDARD = gnu99;
				GCC_DYNAMIC_NO_PIC = NO;
				GCC_NO_COMMON_BLOCKS = YES;
				GCC_OPTIMIZATION_LEVEL = 0;
				GCC_PREPROCESSOR_DEFINITIONS = (
					"DEBUG=1",
					"$(inherited)",
				);
				GCC_WARN_64_TO_32_BIT_CONVERSION = YES;
				GCC_WARN_ABOUT_RETURN_TYPE = YES_ERROR;
				GCC_WARN_UNDECLARED_SELECTOR = YES;
				GCC_WARN_UNINITIALIZED_AUTOS = YES_AGGRESSIVE;
				GCC_WARN_UNUSED_FUNCTION = YES;
				GCC_WARN_UNUSED_VARIABLE = YES;
				IPHONEOS_DEPLOYMENT_TARGET = 10.2;
				MTL_ENABLE_DEBUG_INFO = YES;
				ONLY_ACTIVE_ARCH = YES;
				SDKROOT = iphoneos;
				SWIFT_ACTIVE_COMPILATION_CONDITIONS = DEBUG;
				SWIFT_OPTIMIZATION_LEVEL = "-Onone";
				TARGETED_DEVICE_FAMILY = "1,2";
			};
			name = Debug;
		};
		482981A21E46BCA600ED95A6 /* Release */ = {
			isa = XCBuildConfiguration;
			buildSettings = {
				ALWAYS_SEARCH_USER_PATHS = NO;
				CLANG_ANALYZER_NONNULL = YES;
				CLANG_CXX_LANGUAGE_STANDARD = "gnu++0x";
				CLANG_CXX_LIBRARY = "libc++";
				CLANG_ENABLE_MODULES = YES;
				CLANG_ENABLE_OBJC_ARC = YES;
				CLANG_WARN_BOOL_CONVERSION = YES;
				CLANG_WARN_CONSTANT_CONVERSION = YES;
				CLANG_WARN_DIRECT_OBJC_ISA_USAGE = YES_ERROR;
				CLANG_WARN_DOCUMENTATION_COMMENTS = YES;
				CLANG_WARN_EMPTY_BODY = YES;
				CLANG_WARN_ENUM_CONVERSION = YES;
				CLANG_WARN_INFINITE_RECURSION = YES;
				CLANG_WARN_INT_CONVERSION = YES;
				CLANG_WARN_OBJC_ROOT_CLASS = YES_ERROR;
				CLANG_WARN_SUSPICIOUS_MOVE = YES;
				CLANG_WARN_UNREACHABLE_CODE = YES;
				CLANG_WARN__DUPLICATE_METHOD_MATCH = YES;
				"CODE_SIGN_IDENTITY[sdk=iphoneos*]" = "iPhone Developer";
				COPY_PHASE_STRIP = NO;
				DEBUG_INFORMATION_FORMAT = "dwarf-with-dsym";
				ENABLE_NS_ASSERTIONS = NO;
				ENABLE_STRICT_OBJC_MSGSEND = YES;
				GCC_C_LANGUAGE_STANDARD = gnu99;
				GCC_NO_COMMON_BLOCKS = YES;
				GCC_WARN_64_TO_32_BIT_CONVERSION = YES;
				GCC_WARN_ABOUT_RETURN_TYPE = YES_ERROR;
				GCC_WARN_UNDECLARED_SELECTOR = YES;
				GCC_WARN_UNINITIALIZED_AUTOS = YES_AGGRESSIVE;
				GCC_WARN_UNUSED_FUNCTION = YES;
				GCC_WARN_UNUSED_VARIABLE = YES;
				IPHONEOS_DEPLOYMENT_TARGET = 10.2;
				MTL_ENABLE_DEBUG_INFO = NO;
				SDKROOT = iphoneos;
				SWIFT_OPTIMIZATION_LEVEL = "-Owholemodule";
				TARGETED_DEVICE_FAMILY = "1,2";
				VALIDATE_PRODUCT = YES;
			};
			name = Release;
		};
		482981A41E46BCA600ED95A6 /* Debug */ = {
			isa = XCBuildConfiguration;
			buildSettings = {
				ASSETCATALOG_COMPILER_APPICON_NAME = AppIcon;
				"CODE_SIGN_IDENTITY[sdk=iphoneos*]" = "iPhone Developer";
				DEVELOPMENT_TEAM = 2RFJ8QK64S;
				INFOPLIST_FILE = "Food Tracker/Info.plist";
				LD_RUNPATH_SEARCH_PATHS = "$(inherited) @executable_path/Frameworks";
				PRODUCT_BUNDLE_IDENTIFIER = "-RFJ8QK64Scom.example.single-view-food-tracker-app";
				PRODUCT_NAME = "$(TARGET_NAME)";
				SWIFT_VERSION = 3.0;
			};
			name = Debug;
		};
		482981A51E46BCA600ED95A6 /* Release */ = {
			isa = XCBuildConfiguration;
			buildSettings = {
				ASSETCATALOG_COMPILER_APPICON_NAME = AppIcon;
				"CODE_SIGN_IDENTITY[sdk=iphoneos*]" = "iPhone Developer";
				DEVELOPMENT_TEAM = 2RFJ8QK64S;
				INFOPLIST_FILE = "Food Tracker/Info.plist";
				LD_RUNPATH_SEARCH_PATHS = "$(inherited) @executable_path/Frameworks";
				PRODUCT_BUNDLE_IDENTIFIER = "-RFJ8QK64Scom.example.single-view-food-tracker-app";
				PRODUCT_NAME = "$(TARGET_NAME)";
				SWIFT_VERSION = 3.0;
			};
			name = Release;
		};
		482981A71E46BCA600ED95A6 /* Debug */ = {
			isa = XCBuildConfiguration;
			buildSettings = {
				ALWAYS_EMBED_SWIFT_STANDARD_LIBRARIES = YES;
				BUNDLE_LOADER = "$(TEST_HOST)";
				INFOPLIST_FILE = "Food TrackerTests/Info.plist";
				LD_RUNPATH_SEARCH_PATHS = "$(inherited) @executable_path/Frameworks @loader_path/Frameworks";
				PRODUCT_BUNDLE_IDENTIFIER = "com.example.Food-TrackerTests";
				PRODUCT_NAME = "$(TARGET_NAME)";
				SWIFT_VERSION = 3.0;
				TEST_HOST = "$(BUILT_PRODUCTS_DIR)/Food Tracker.app/Food Tracker";
			};
			name = Debug;
		};
		482981A81E46BCA600ED95A6 /* Release */ = {
			isa = XCBuildConfiguration;
			buildSettings = {
				ALWAYS_EMBED_SWIFT_STANDARD_LIBRARIES = YES;
				BUNDLE_LOADER = "$(TEST_HOST)";
				INFOPLIST_FILE = "Food TrackerTests/Info.plist";
				LD_RUNPATH_SEARCH_PATHS = "$(inherited) @executable_path/Frameworks @loader_path/Frameworks";
				PRODUCT_BUNDLE_IDENTIFIER = "com.example.Food-TrackerTests";
				PRODUCT_NAME = "$(TARGET_NAME)";
				SWIFT_VERSION = 3.0;
				TEST_HOST = "$(BUILT_PRODUCTS_DIR)/Food Tracker.app/Food Tracker";
			};
			name = Release;
		};
/* End XCBuildConfiguration section */

/* Begin XCConfigurationList section */
		482981811E46BCA600ED95A6 /* Build configuration list for PBXProject "Food Tracker" */ = {
			isa = XCConfigurationList;
			buildConfigurations = (
				482981A11E46BCA600ED95A6 /* Debug */,
				482981A21E46BCA600ED95A6 /* Release */,
			);
			defaultConfigurationIsVisible = 0;
			defaultConfigurationName = Release;
		};
		482981A31E46BCA600ED95A6 /* Build configuration list for PBXNativeTarget "Food Tracker" */ = {
			isa = XCConfigurationList;
			buildConfigurations = (
				482981A41E46BCA600ED95A6 /* Debug */,
				482981A51E46BCA600ED95A6 /* Release */,
			);
			defaultConfigurationIsVisible = 0;
			defaultConfigurationName = Release;
		};
		482981A61E46BCA600ED95A6 /* Build configuration list for PBXNativeTarget "Food TrackerTests" */ = {
			isa = XCConfigurationList;
			buildConfigurations = (
				482981A71E46BCA600ED95A6 /* Debug */,
				482981A81E46BCA600ED95A6 /* Release */,
			);
			defaultConfigurationIsVisible = 0;
			defaultConfigurationName = Release;
		};
/* End XCConfigurationList section */
	};
	rootObject = 4829817E1E46BCA600ED95A6 /* Project object */;
}
